ks-api 192.168.1.28:5000/ks-api:1.0.0@sha256:6d45239b1b9b317018937ca9ff01ee777594a35a443b0b25d8b3be7b26783c1c
ks-worker 192.168.1.28:5000/ks-worker:1.0.0@sha256:8034156957ef4c56f6960988de2cb9711955ed3408c091ce6f2557f0d99a54a6
ks-frontend 192.168.1.28:5000/ks-frontend:1.0.0@sha256:0cb7f82baf054892f4bcac856f40e4c83e1b8fb7ee54d4f56357ee568d21983e
ks-pgdump 192.168.1.28:5000/ks-pgdump:1.0.0@sha256:a9ab1e5b2958091e8111bf8f1cc235ee3c2d44bba0b125ef6b5109d821f78ffb
